
Microsoft Visual Studio Solution File, Format Version 11.00
# Visual Studio 2010
# SharpDevelop 5.1
Project("{FAE04EC0-301F-11D3-BF4B-00C04F79EFBC}") = "Test3", "Test3\Test3.csproj", "{BA1A0EDE-CB5A-4931-86FE-4AEAC51670E3}"
EndProject
Global
	GlobalSection(SolutionConfigurationPlatforms) = preSolution
		Debug|Any CPU = Debug|Any CPU
		Release|Any CPU = Release|Any CPU
	EndGlobalSection
	GlobalSection(ProjectConfigurationPlatforms) = postSolution
		{BA1A0EDE-CB5A-4931-86FE-4AEAC51670E3}.Debug|Any CPU.ActiveCfg = Debug|Any CPU
		{BA1A0EDE-CB5A-4931-86FE-4AEAC51670E3}.Debug|Any CPU.Build.0 = Debug|Any CPU
		{BA1A0EDE-CB5A-4931-86FE-4AEAC51670E3}.Release|Any CPU.ActiveCfg = Release|Any CPU
		{BA1A0EDE-CB5A-4931-86FE-4AEAC51670E3}.Release|Any CPU.Build.0 = Release|Any CPU
	EndGlobalSection
EndGlobal
